
Microsoft Visual Studio Solution File, Format Version 12.00
# Visual Studio Version 16
VisualStudioVersion = 16.0.31624.102
MinimumVisualStudioVersion = 10.0.40219.1
Project("{9A19103F-16F7-4668-BE54-9A1E7A4F7556}") = "pw3-proyecto", "pw3-proyecto\pw3-proyecto.csproj", "{D4D29775-9042-4F47-AD20-4FC2576FBB22}"
EndProject
Project("{9A19103F-16F7-4668-BE54-9A1E7A4F7556}") = "pw3-proyecto.Entities", "pw3-proyecto.Entities\pw3-proyecto.Entities.csproj", "{E479EB9C-2C32-4424-AD43-7380700C8177}"
EndProject
Project("{9A19103F-16F7-4668-BE54-9A1E7A4F7556}") = "pw3-proyecto.Services", "pw3-proyecto.Services\pw3-proyecto.Services.csproj", "{DE24D191-4CCF-46E4-8E0C-D6040E8145D5}"
EndProject
Project("{FAE04EC0-301F-11D3-BF4B-00C04F79EFBC}") = "pw3-proyecto.Repositories", "pw3-proyecto.Repositories\pw3-proyecto.Repositories.csproj", "{D1717094-F7A9-42EB-838A-4D8D30580037}"
EndProject
Global
	GlobalSection(SolutionConfigurationPlatforms) = preSolution
		Debug|Any CPU = Debug|Any CPU
		Release|Any CPU = Release|Any CPU
	EndGlobalSection
	GlobalSection(ProjectConfigurationPlatforms) = postSolution
		{D4D29775-9042-4F47-AD20-4FC2576FBB22}.Debug|Any CPU.ActiveCfg = Debug|Any CPU
		{D4D29775-9042-4F47-AD20-4FC2576FBB22}.Debug|Any CPU.Build.0 = Debug|Any CPU
		{D4D29775-9042-4F47-AD20-4FC2576FBB22}.Release|Any CPU.ActiveCfg = Release|Any CPU
		{D4D29775-9042-4F47-AD20-4FC2576FBB22}.Release|Any CPU.Build.0 = Release|Any CPU
		{E479EB9C-2C32-4424-AD43-7380700C8177}.Debug|Any CPU.ActiveCfg = Debug|Any CPU
		{E479EB9C-2C32-4424-AD43-7380700C8177}.Debug|Any CPU.Build.0 = Debug|Any CPU
		{E479EB9C-2C32-4424-AD43-7380700C8177}.Release|Any CPU.ActiveCfg = Release|Any CPU
		{E479EB9C-2C32-4424-AD43-7380700C8177}.Release|Any CPU.Build.0 = Release|Any CPU
		{DE24D191-4CCF-46E4-8E0C-D6040E8145D5}.Debug|Any CPU.ActiveCfg = Debug|Any CPU
		{DE24D191-4CCF-46E4-8E0C-D6040E8145D5}.Debug|Any CPU.Build.0 = Debug|Any CPU
		{DE24D191-4CCF-46E4-8E0C-D6040E8145D5}.Release|Any CPU.ActiveCfg = Release|Any CPU
		{DE24D191-4CCF-46E4-8E0C-D6040E8145D5}.Release|Any CPU.Build.0 = Release|Any CPU
		{D1717094-F7A9-42EB-838A-4D8D30580037}.Debug|Any CPU.ActiveCfg = Debug|Any CPU
		{D1717094-F7A9-42EB-838A-4D8D30580037}.Debug|Any CPU.Build.0 = Debug|Any CPU
		{D1717094-F7A9-42EB-838A-4D8D30580037}.Release|Any CPU.ActiveCfg = Release|Any CPU
		{D1717094-F7A9-42EB-838A-4D8D30580037}.Release|Any CPU.Build.0 = Release|Any CPU
	EndGlobalSection
	GlobalSection(SolutionProperties) = preSolution
		HideSolutionNode = FALSE
	EndGlobalSection
	GlobalSection(ExtensibilityGlobals) = postSolution
		SolutionGuid = {A3BEC565-27FB-42F4-A618-86F7E6636A27}
	EndGlobalSection
EndGlobal
